
Microsoft Visual Studio Solution File, Format Version 12.00
# Visual Studio Version 17
VisualStudioVersion = 17.4.33205.214
MinimumVisualStudioVersion = 10.0.40219.1
Project("{9A19103F-16F7-4668-BE54-9A1E7A4F7556}") = "Inta.ERP.Authorization", "Inta.ERP.Authorization\Inta.ERP.Authorization.csproj", "{873127AA-08F9-4DD0-8A0D-CB6D74D9A7AA}"
EndProject
Project("{9A19103F-16F7-4668-BE54-9A1E7A4F7556}") = "Inta.ERP.Resource", "Inta.ERP.Resource\Inta.ERP.Resource.csproj", "{2E2012B9-661E-481C-9899-B8D97DD936F7}"
EndProject
Global
	GlobalSection(SolutionConfigurationPlatforms) = preSolution
		Debug|Any CPU = Debug|Any CPU
		Release|Any CPU = Release|Any CPU
	EndGlobalSection
	GlobalSection(ProjectConfigurationPlatforms) = postSolution
		{873127AA-08F9-4DD0-8A0D-CB6D74D9A7AA}.Debug|Any CPU.ActiveCfg = Debug|Any CPU
		{873127AA-08F9-4DD0-8A0D-CB6D74D9A7AA}.Debug|Any CPU.Build.0 = Debug|Any CPU
		{873127AA-08F9-4DD0-8A0D-CB6D74D9A7AA}.Release|Any CPU.ActiveCfg = Release|Any CPU
		{873127AA-08F9-4DD0-8A0D-CB6D74D9A7AA}.Release|Any CPU.Build.0 = Release|Any CPU
		{2E2012B9-661E-481C-9899-B8D97DD936F7}.Debug|Any CPU.ActiveCfg = Debug|Any CPU
		{2E2012B9-661E-481C-9899-B8D97DD936F7}.Debug|Any CPU.Build.0 = Debug|Any CPU
		{2E2012B9-661E-481C-9899-B8D97DD936F7}.Release|Any CPU.ActiveCfg = Release|Any CPU
		{2E2012B9-661E-481C-9899-B8D97DD936F7}.Release|Any CPU.Build.0 = Release|Any CPU
	EndGlobalSection
	GlobalSection(SolutionProperties) = preSolution
		HideSolutionNode = FALSE
	EndGlobalSection
	GlobalSection(ExtensibilityGlobals) = postSolution
		SolutionGuid = {7C7CCDDC-D5B9-4008-AB05-8FCEC6056587}
	EndGlobalSection
EndGlobal
